
Microsoft Visual Studio Solution File, Format Version 12.00
# Visual Studio Version 16
VisualStudioVersion = 16.0.30104.148
MinimumVisualStudioVersion = 10.0.40219.1
Project("{FAE04EC0-301F-11D3-BF4B-00C04F79EFBC}") = "homewrok5", "homewrok5.csproj", "{536995AE-7DA9-4440-AA71-AB5D571FB33B}"
EndProject
Global
	GlobalSection(SolutionConfigurationPlatforms) = preSolution
		Debug|Any CPU = Debug|Any CPU
		Release|Any CPU = Release|Any CPU
	EndGlobalSection
	GlobalSection(ProjectConfigurationPlatforms) = postSolution
		{536995AE-7DA9-4440-AA71-AB5D571FB33B}.Debug|Any CPU.ActiveCfg = Debug|Any CPU
		{536995AE-7DA9-4440-AA71-AB5D571FB33B}.Debug|Any CPU.Build.0 = Debug|Any CPU
		{536995AE-7DA9-4440-AA71-AB5D571FB33B}.Release|Any CPU.ActiveCfg = Release|Any CPU
		{536995AE-7DA9-4440-AA71-AB5D571FB33B}.Release|Any CPU.Build.0 = Release|Any CPU
	EndGlobalSection
	GlobalSection(SolutionProperties) = preSolution
		HideSolutionNode = FALSE
	EndGlobalSection
	GlobalSection(ExtensibilityGlobals) = postSolution
		SolutionGuid = {A2D78704-58F3-4EDA-BAD3-F98C9905B847}
	EndGlobalSection
EndGlobal
